
Microsoft Visual Studio Solution File, Format Version 12.00
# Visual Studio Version 17
VisualStudioVersion = 17.2.32526.322
MinimumVisualStudioVersion = 10.0.40219.1
Project("{FAE04EC0-301F-11D3-BF4B-00C04F79EFBC}") = "OnlineShopping", "OnlineShopping\OnlineShopping.csproj", "{A7705C64-885F-4587-A51F-2D9CF9773535}"
EndProject
Global
	GlobalSection(SolutionConfigurationPlatforms) = preSolution
		Debug|Any CPU = Debug|Any CPU
		Release|Any CPU = Release|Any CPU
	EndGlobalSection
	GlobalSection(ProjectConfigurationPlatforms) = postSolution
		{A7705C64-885F-4587-A51F-2D9CF9773535}.Debug|Any CPU.ActiveCfg = Debug|Any CPU
		{A7705C64-885F-4587-A51F-2D9CF9773535}.Debug|Any CPU.Build.0 = Debug|Any CPU
		{A7705C64-885F-4587-A51F-2D9CF9773535}.Release|Any CPU.ActiveCfg = Release|Any CPU
		{A7705C64-885F-4587-A51F-2D9CF9773535}.Release|Any CPU.Build.0 = Release|Any CPU
	EndGlobalSection
	GlobalSection(SolutionProperties) = preSolution
		HideSolutionNode = FALSE
	EndGlobalSection
	GlobalSection(ExtensibilityGlobals) = postSolution
		SolutionGuid = {88F3C79A-9DB8-474B-A5BD-03F1A0EB94B0}
	EndGlobalSection
EndGlobal
